{
    "name": "lg-language",
    "version": "0.6.5",
    "lockfileVersion": 1,
    "requires": true,
    "dependencies": {
        "@microsoft/recognizers-text-data-types-timex-expression": {
            "version": "1.1.4",
            "resolved": "https://registry.npmjs.org/@microsoft/recognizers-text-data-types-timex-expression/-/recognizers-text-data-types-timex-expression-1.1.4.tgz",
            "integrity": "sha512-2vICaEJfV9EpaDKs5P1PLAEs+WpNqrtpkl7CLsmc5gKmxgpQtsojG4tk6km5JRKg1mYuLV5ZzJ/65oOEeyTMvQ=="
        },
        "@types/atob": {
            "version": "2.1.2",
            "resolved": "https://registry.npmjs.org/@types/atob/-/atob-2.1.2.tgz",
            "integrity": "sha512-8GAYQ1jDRUQkSpHzJUqXwAkYFOxuWAOGLhIR4aPd/Y/yL12Q/9m7LsKpHKlfKdNE/362Hc9wPI1Yh6opDfxVJg=="
        },
        "@types/lru-cache": {
            "version": "5.1.0",
            "resolved": "https://registry.npmjs.org/@types/lru-cache/-/lru-cache-5.1.0.tgz",
            "integrity": "sha512-RaE0B+14ToE4l6UqdarKPnXwVDuigfFv+5j9Dze/Nqr23yyuqdNvzcZi3xB+3Agvi5R4EOgAksfv3lXX4vBt9w=="
        },
        "@types/mocha": {
            "version": "7.0.2",
            "resolved": "https://botbuilder.myget.org/F/botbuilder-declarative/npm/@types/mocha/-/@types/mocha-7.0.2.tgz",
            "integrity": "sha1-sX8Wz5M1l+ENbXjq4yUeaSzosM4=",
            "dev": true
        },
        "@types/moment-timezone": {
            "version": "0.5.13",
            "resolved": "https://registry.npmjs.org/@types/moment-timezone/-/moment-timezone-0.5.13.tgz",
            "integrity": "sha512-SWk1qM8DRssS5YR9L4eEX7WUhK/wc96aIr4nMa6p0kTk9YhGGOJjECVhIdPEj13fvJw72Xun69gScXSZ/UmcPg==",
            "requires": {
                "moment": ">=2.14.0"
            }
        },
        "@types/node": {
            "version": "13.9.3",
            "resolved": "https://botbuilder.myget.org/F/botbuilder-declarative/npm/@types/node/-/@types/node-13.9.3.tgz",
            "integrity": "sha1-Y1bfJkfenqxWn5pS7aNID6nnC00=",
            "dev": true
        },
        "@types/vscode": {
            "version": "1.43.0",
            "resolved": "https://botbuilder.myget.org/F/botbuilder-declarative/npm/@types/vscode/-/@types/vscode-1.43.0.tgz",
            "integrity": "sha1-IiduYANMaTszEX8QaP+qwOiVIts=",
            "dev": true
        },
        "@types/xmldom": {
            "version": "0.1.30",
            "resolved": "https://registry.npmjs.org/@types/xmldom/-/xmldom-0.1.30.tgz",
            "integrity": "sha512-edqgAFXMEtVvaBZ3YnhamvmrHjoYpuxETmnb0lbTZmf/dXpAsO9ZKotUO4K2rn2SIZBDFCMOuA7fOe0H6dRZcA=="
        },
        "adaptive-expressions": {
            "version": "4.9.3",
            "resolved": "https://registry.npmjs.org/adaptive-expressions/-/adaptive-expressions-4.9.3.tgz",
            "integrity": "sha512-+EF3rGtuDXOfuP+EUKEP+a3S8m1st6ZDgQJsLih76Q1se3TxDiWt6UolJTxvNLDG1osHuWzF5z0AC2d6psWOFg==",
            "requires": {
                "@microsoft/recognizers-text-data-types-timex-expression": "1.1.4",
                "@types/atob": "^2.1.2",
                "@types/lru-cache": "^5.1.0",
                "@types/moment-timezone": "^0.5.12",
                "@types/xmldom": "^0.1.29",
                "antlr4ts": "0.5.0-alpha.1",
                "atob": "^2.1.2",
                "big-integer": "^1.6.48",
                "jspath": "^0.4.0",
                "lodash": "^4.17.15",
                "lru-cache": "^5.1.1",
                "moment": "^2.25.1",
                "moment-timezone": "^0.5.28"
            }
        },
        "agent-base": {
            "version": "4.3.0",
            "resolved": "https://botbuilder.myget.org/F/botbuilder-declarative/npm/agent-base/-/agent-base-4.3.0.tgz",
            "integrity": "sha1-gWXwHENgCbzK0LHRIvBe13Dvxu4=",
            "dev": true,
            "requires": {
                "es6-promisify": "^5.0.0"
            }
        },
        "antlr4ts": {
            "version": "0.5.0-alpha.1",
            "resolved": "https://registry.npmjs.org/antlr4ts/-/antlr4ts-0.5.0-alpha.1.tgz",
            "integrity": "sha512-LU5FLWq2fUwg2cTL/DeIL16ucUm5jv6SNVFoMjbYLviXAp6p5g1ZzkTAnWiOKX/muEEy0PY78perPj6WUBSQCw=="
        },
        "atob": {
            "version": "2.1.2",
            "resolved": "https://registry.npmjs.org/atob/-/atob-2.1.2.tgz",
            "integrity": "sha512-Wm6ukoaOGJi/73p/cl2GvLjTI5JM1k/O14isD73YML8StrH/7/lRFgmg8nICZgD3bZZvjwCGxtMOD3wWNAu8cg=="
        },
        "balanced-match": {
            "version": "1.0.0",
            "resolved": "https://botbuilder.myget.org/F/botbuilder-declarative/npm/balanced-match/-/balanced-match-1.0.0.tgz",
            "integrity": "sha1-ibTRmasr7kneFk6gK4nORi1xt2c=",
            "dev": true
        },
        "big-integer": {
            "version": "1.6.48",
            "resolved": "https://registry.npmjs.org/big-integer/-/big-integer-1.6.48.tgz",
            "integrity": "sha512-j51egjPa7/i+RdiRuJbPdJ2FIUYYPhvYLjzoYbcMMm62ooO6F94fETG4MTs46zPAF9Brs04OajboA/qTGuz78w=="
        },
        "botbuilder-lg": {
            "version": "4.9.3",
            "resolved": "https://registry.npmjs.org/botbuilder-lg/-/botbuilder-lg-4.9.3.tgz",
            "integrity": "sha512-dexZ8YDI3GENSSbtYYRt3ByHWo2Am6QMmelJzDO4DoGGUHqJ6rUDeaGpt5o0sIFNIIXLyUdNvtA5A5O6w+MIjA==",
            "requires": {
                "adaptive-expressions": "4.9.3",
                "antlr4ts": "0.5.0-alpha.1",
                "lodash": "^4.17.11",
                "path": "^0.12.7",
                "uuid": "^3.3.3"
            }
        },
        "brace-expansion": {
            "version": "1.1.11",
            "resolved": "https://botbuilder.myget.org/F/botbuilder-declarative/npm/brace-expansion/-/brace-expansion-1.1.11.tgz",
            "integrity": "sha1-PH/L9SnYcibz0vUrlm/1Jx60Qd0=",
            "dev": true,
            "requires": {
                "balanced-match": "^1.0.0",
                "concat-map": "0.0.1"
            }
        },
        "concat-map": {
            "version": "0.0.1",
            "resolved": "https://botbuilder.myget.org/F/botbuilder-declarative/npm/concat-map/-/concat-map-0.0.1.tgz",
            "integrity": "sha1-2Klr13/Wjfd5OnMDajug1UBdR3s=",
            "dev": true
        },
        "debug": {
            "version": "3.1.0",
            "resolved": "https://botbuilder.myget.org/F/botbuilder-declarative/npm/debug/-/debug-3.1.0.tgz",
            "integrity": "sha1-W7WgZyYotkFJVmuhaBnmFRjGcmE=",
            "dev": true,
            "requires": {
                "ms": "2.0.0"
            }
        },
        "es6-promise": {
            "version": "4.2.8",
            "resolved": "https://botbuilder.myget.org/F/botbuilder-declarative/npm/es6-promise/-/es6-promise-4.2.8.tgz",
            "integrity": "sha1-TrIVlMlyvEBVPSduUQU5FD21Pgo=",
            "dev": true
        },
        "es6-promisify": {
            "version": "5.0.0",
            "resolved": "https://botbuilder.myget.org/F/botbuilder-declarative/npm/es6-promisify/-/es6-promisify-5.0.0.tgz",
            "integrity": "sha1-UQnWLz5W6pZ8S2NQWu8IKRyKUgM=",
            "dev": true,
            "requires": {
                "es6-promise": "^4.0.3"
            }
        },
        "fs.realpath": {
            "version": "1.0.0",
            "resolved": "https://botbuilder.myget.org/F/botbuilder-declarative/npm/fs.realpath/-/fs.realpath-1.0.0.tgz",
            "integrity": "sha1-FQStJSMVjKpA20onh8sBQRmU6k8=",
            "dev": true
        },
        "glob": {
            "version": "7.1.6",
            "resolved": "https://botbuilder.myget.org/F/botbuilder-declarative/npm/glob/-/glob-7.1.6.tgz",
            "integrity": "sha1-FB8zuBp8JJLhJVlDB0gMRmeSeKY=",
            "dev": true,
            "requires": {
                "fs.realpath": "^1.0.0",
                "inflight": "^1.0.4",
                "inherits": "2",
                "minimatch": "^3.0.4",
                "once": "^1.3.0",
                "path-is-absolute": "^1.0.0"
            }
        },
        "http-proxy-agent": {
            "version": "2.1.0",
            "resolved": "https://botbuilder.myget.org/F/botbuilder-declarative/npm/http-proxy-agent/-/http-proxy-agent-2.1.0.tgz",
            "integrity": "sha1-5IIb7vWyFCogJr1zkm/lN2McVAU=",
            "dev": true,
            "requires": {
                "agent-base": "4",
                "debug": "3.1.0"
            }
        },
        "https-proxy-agent": {
            "version": "2.2.4",
            "resolved": "https://botbuilder.myget.org/F/botbuilder-declarative/npm/https-proxy-agent/-/https-proxy-agent-2.2.4.tgz",
            "integrity": "sha1-TuenN6vZJniik9mzShr00NCMeHs=",
            "dev": true,
            "requires": {
                "agent-base": "^4.3.0",
                "debug": "^3.1.0"
            }
        },
        "inflight": {
            "version": "1.0.6",
            "resolved": "https://botbuilder.myget.org/F/botbuilder-declarative/npm/inflight/-/inflight-1.0.6.tgz",
            "integrity": "sha1-Sb1jMdfQLQwJvJEKEHW6gWW1bfk=",
            "dev": true,
            "requires": {
                "once": "^1.3.0",
                "wrappy": "1"
            }
        },
        "inherits": {
            "version": "2.0.1",
            "resolved": "https://botbuilder.myget.org/F/botbuilder-declarative/npm/inherits/-/inherits-2.0.1.tgz",
            "integrity": "sha1-sX0I0ya0Qj5Wjv9xn5GwscvfafE=",
            "dev": true
        },
        "jspath": {
            "version": "0.4.0",
            "resolved": "https://registry.npmjs.org/jspath/-/jspath-0.4.0.tgz",
            "integrity": "sha512-2/R8wkot8NCXrppBT/onp+4mcAUAZqtPxsW6aSJU3hrFAVqKqtFYcat2XJZ7inN4RtATUxfv0UQSYOmvJKiIGA=="
        },
        "lodash": {
            "version": "4.17.19",
            "resolved": "https://registry.npmjs.org/lodash/-/lodash-4.17.19.tgz",
            "integrity": "sha512-JNvd8XER9GQX0v2qJgsaN/mzFCNA5BRe/j8JN9d+tWyGLSodKQHKFicdwNYzWwI3wjRnaKPsGj1XkBjx/F96DQ=="
        },
        "lru-cache": {
            "version": "5.1.1",
            "resolved": "https://registry.npmjs.org/lru-cache/-/lru-cache-5.1.1.tgz",
            "integrity": "sha512-KpNARQA3Iwv+jTA0utUVVbrh+Jlrr1Fv0e56GGzAFOXN7dk/FviaDW8LHmK52DlcH4WP2n6gI8vN1aesBFgo9w==",
            "requires": {
                "yallist": "^3.0.2"
            }
        },
        "minimatch": {
            "version": "3.0.4",
            "resolved": "https://botbuilder.myget.org/F/botbuilder-declarative/npm/minimatch/-/minimatch-3.0.4.tgz",
            "integrity": "sha1-UWbihkV/AzBgZL5Ul+jbsMPTIIM=",
            "dev": true,
            "requires": {
                "brace-expansion": "^1.1.7"
            }
        },
        "moment": {
            "version": "2.27.0",
            "resolved": "https://registry.npmjs.org/moment/-/moment-2.27.0.tgz",
            "integrity": "sha512-al0MUK7cpIcglMv3YF13qSgdAIqxHTO7brRtaz3DlSULbqfazqkc5kEjNrLDOM7fsjshoFIihnU8snrP7zUvhQ=="
        },
        "moment-timezone": {
            "version": "0.5.31",
            "resolved": "https://registry.npmjs.org/moment-timezone/-/moment-timezone-0.5.31.tgz",
            "integrity": "sha512-+GgHNg8xRhMXfEbv81iDtrVeTcWt0kWmTEY1XQK14dICTXnWJnT0dxdlPspwqF3keKMVPXwayEsk1DI0AA/jdA==",
            "requires": {
                "moment": ">= 2.9.0"
            }
        },
        "ms": {
            "version": "2.0.0",
            "resolved": "https://botbuilder.myget.org/F/botbuilder-declarative/npm/ms/-/ms-2.0.0.tgz",
            "integrity": "sha1-VgiurfwAvmwpAd9fmGF4jeDVl8g=",
            "dev": true
        },
        "once": {
            "version": "1.4.0",
            "resolved": "https://botbuilder.myget.org/F/botbuilder-declarative/npm/once/-/once-1.4.0.tgz",
            "integrity": "sha1-WDsap3WWHUsROsF9nFC6753Xa9E=",
            "dev": true,
            "requires": {
                "wrappy": "1"
            }
        },
        "path": {
            "version": "0.12.7",
            "resolved": "https://botbuilder.myget.org/F/botbuilder-declarative/npm/path/-/path-0.12.7.tgz",
            "integrity": "sha1-1NwqUGxM4hl+tIHr/NWzbAFAsQ8=",
            "requires": {
                "process": "^0.11.1",
                "util": "^0.10.3"
            }
        },
        "path-is-absolute": {
            "version": "1.0.1",
            "resolved": "https://botbuilder.myget.org/F/botbuilder-declarative/npm/path-is-absolute/-/path-is-absolute-1.0.1.tgz",
            "integrity": "sha1-F0uSaHNVNP+8es5r9TpanhtcX18=",
            "dev": true
        },
        "process": {
            "version": "0.11.10",
            "resolved": "https://botbuilder.myget.org/F/botbuilder-declarative/npm/process/-/process-0.11.10.tgz",
            "integrity": "sha1-czIwDoQBYb2j5podHZGn1LwW8YI="
        },
        "rimraf": {
            "version": "2.7.1",
            "resolved": "https://botbuilder.myget.org/F/botbuilder-declarative/npm/rimraf/-/rimraf-2.7.1.tgz",
            "integrity": "sha1-NXl/E6f9rcVmFCwp1PB8ytSD4+w=",
            "dev": true,
            "requires": {
                "glob": "^7.1.3"
            }
        },
        "typescript": {
            "version": "3.8.3",
            "resolved": "https://botbuilder.myget.org/F/botbuilder-declarative/npm/typescript/-/typescript-3.8.3.tgz",
            "integrity": "sha1-QJ64VE6gM1cRIFhp7EWKsQnuEGE=",
            "dev": true
        },
        "util": {
            "version": "0.10.4",
            "resolved": "https://registry.npmjs.org/util/-/util-0.10.4.tgz",
            "integrity": "sha512-0Pm9hTQ3se5ll1XihRic3FDIku70C+iHUdT/W926rSgHV5QgXsYbKZN8MSC3tJtSkhuROzvsQjAaFENRXr+19A==",
            "requires": {
                "inherits": "2.0.3"
            },
            "dependencies": {
                "inherits": {
                    "version": "2.0.3",
                    "resolved": "https://registry.npmjs.org/inherits/-/inherits-2.0.3.tgz",
                    "integrity": "sha1-Yzwsg+PaQqUC9SRmAiSA9CCCYd4="
                }
            }
        },
        "uuid": {
            "version": "3.4.0",
            "resolved": "https://registry.npmjs.org/uuid/-/uuid-3.4.0.tgz",
            "integrity": "sha512-HjSDRw6gZE5JMggctHBcjVak08+KEVhSIiDzFnT9S9aegmp85S/bReBVTb4QTFaRNptJ9kuYaNhnbNEOkbKb/A=="
        },
        "vscode-test": {
            "version": "1.3.0",
            "resolved": "https://botbuilder.myget.org/F/botbuilder-declarative/npm/vscode-test/-/vscode-test-1.3.0.tgz",
            "integrity": "sha1-MxCrOF2biHtMguj1K+EDDnz5ST0=",
            "dev": true,
            "requires": {
                "http-proxy-agent": "^2.1.0",
                "https-proxy-agent": "^2.2.4",
                "rimraf": "^2.6.3"
            }
        },
        "wrappy": {
            "version": "1.0.2",
            "resolved": "https://botbuilder.myget.org/F/botbuilder-declarative/npm/wrappy/-/wrappy-1.0.2.tgz",
            "integrity": "sha1-tSQ9jz7BqjXxNkYFvA0QNuMKtp8=",
            "dev": true
        },
        "yallist": {
            "version": "3.1.1",
            "resolved": "https://registry.npmjs.org/yallist/-/yallist-3.1.1.tgz",
            "integrity": "sha512-a4UGQaWPH59mOXUYnAG2ewncQS4i4F43Tv3JoAM+s2VDAmS9NsK8GpDMLrCHPksFT7h3K6TOoUNn2pb7RoXx4g=="
        }
    }
}
