{
  "name": "msbot",
  "version": "4.3.4",
  "lockfileVersion": 1,
  "requires": true,
  "dependencies": {
    "@types/fs-extra": {
      "version": "5.0.2",
      "resolved": "https://registry.npmjs.org/@types/fs-extra/-/fs-extra-5.0.2.tgz",
      "integrity": "sha512-Q3FWsbdmkQd1ib11A4XNWQvRD//5KpPoGawA8aB2DR7pWKoW9XQv3+dGxD/Z1eVFze23Okdo27ZQytVFlweKvQ==",
      "dev": true,
      "requires": {
        "@types/node": "*"
      }
    },
    "@types/node": {
      "version": "10.9.4",
      "resolved": "https://registry.npmjs.org/@types/node/-/node-10.9.4.tgz",
      "integrity": "sha512-fCHV45gS+m3hH17zgkgADUSi2RR1Vht6wOZ0jyHP8rjiQra9f+mIcgwPQHllmDocYOstIEbKlxbFDYlgrTPYqw==",
      "dev": true
    }
  }
}
