{
  "requires": true,
  "lockfileVersion": 1,
  "dependencies": {
    "dotnet-sdk-2.1": {
      "version": "2.1.0",
      "resolved": "https://botbuilder.myget.org/F/botbuilder-v4-js-daily/npm/dotnet-sdk-2.1/-/dotnet-sdk-2.1-2.1.0.tgz",
      "integrity": "sha1-+DwTGuW6dx5gITFQCLXMMPObElQ=",
      "dev": true
    }
  }
}
