
Microsoft Visual Studio Solution File, Format Version 12.00
# Visual Studio 15
VisualStudioVersion = 15.0.28010.2019
MinimumVisualStudioVersion = 10.0.40219.1
Project("{9A19103F-16F7-4668-BE54-9A1E7A4F7556}") = "SchemaGen", "SchemaGen.csproj", "{A7252753-9388-4FCC-A2E3-70027A476311}"
EndProject
Project("{FAE04EC0-301F-11D3-BF4B-00C04F79EFBC}") = "Test", "..\Test\Test.csproj", "{45D7EF4A-FDA0-41AD-A949-C2B9C76EBFAE}"
EndProject
Global
	GlobalSection(SolutionConfigurationPlatforms) = preSolution
		Debug|Any CPU = Debug|Any CPU
		Release|Any CPU = Release|Any CPU
	EndGlobalSection
	GlobalSection(ProjectConfigurationPlatforms) = postSolution
		{A7252753-9388-4FCC-A2E3-70027A476311}.Debug|Any CPU.ActiveCfg = Debug|Any CPU
		{A7252753-9388-4FCC-A2E3-70027A476311}.Debug|Any CPU.Build.0 = Debug|Any CPU
		{A7252753-9388-4FCC-A2E3-70027A476311}.Release|Any CPU.ActiveCfg = Release|Any CPU
		{A7252753-9388-4FCC-A2E3-70027A476311}.Release|Any CPU.Build.0 = Release|Any CPU
		{45D7EF4A-FDA0-41AD-A949-C2B9C76EBFAE}.Debug|Any CPU.ActiveCfg = Debug|Any CPU
		{45D7EF4A-FDA0-41AD-A949-C2B9C76EBFAE}.Debug|Any CPU.Build.0 = Debug|Any CPU
		{45D7EF4A-FDA0-41AD-A949-C2B9C76EBFAE}.Release|Any CPU.ActiveCfg = Release|Any CPU
		{45D7EF4A-FDA0-41AD-A949-C2B9C76EBFAE}.Release|Any CPU.Build.0 = Release|Any CPU
	EndGlobalSection
	GlobalSection(SolutionProperties) = preSolution
		HideSolutionNode = FALSE
	EndGlobalSection
	GlobalSection(ExtensibilityGlobals) = postSolution
		SolutionGuid = {0D5F46D2-942F-413E-A9CF-1012DA791FC5}
	EndGlobalSection
EndGlobal
