
Microsoft Visual Studio Solution File, Format Version 12.00
# Visual Studio Version 16
VisualStudioVersion = 16.0.29201.188
MinimumVisualStudioVersion = 10.0.40219.1
Project("{FAE04EC0-301F-11D3-BF4B-00C04F79EFBC}") = "LGgen", "LGgen\LGgen.csproj", "{78727352-DA0F-4E1C-A57B-F1D11A2B2138}"
EndProject
Global
	GlobalSection(SolutionConfigurationPlatforms) = preSolution
		Debug|Any CPU = Debug|Any CPU
		Release|Any CPU = Release|Any CPU
	EndGlobalSection
	GlobalSection(ProjectConfigurationPlatforms) = postSolution
		{78727352-DA0F-4E1C-A57B-F1D11A2B2138}.Debug|Any CPU.ActiveCfg = Debug|Any CPU
		{78727352-DA0F-4E1C-A57B-F1D11A2B2138}.Debug|Any CPU.Build.0 = Debug|Any CPU
		{78727352-DA0F-4E1C-A57B-F1D11A2B2138}.Release|Any CPU.ActiveCfg = Release|Any CPU
		{78727352-DA0F-4E1C-A57B-F1D11A2B2138}.Release|Any CPU.Build.0 = Release|Any CPU
	EndGlobalSection
	GlobalSection(SolutionProperties) = preSolution
		HideSolutionNode = FALSE
	EndGlobalSection
	GlobalSection(ExtensibilityGlobals) = postSolution
		SolutionGuid = {BD0D2E7C-4996-4B68-9932-40ECB6B0CE64}
	EndGlobalSection
EndGlobal
