
Microsoft Visual Studio Solution File, Format Version 12.00
# Visual Studio 15
VisualStudioVersion = 15.0.27428.2015
MinimumVisualStudioVersion = 10.0.40219.1
Project("{9A19103F-16F7-4668-BE54-9A1E7A4F7556}") = "LUISGen", "LUISGen\src\LUISGen\LUISGen.csproj", "{47E12828-A513-4FA5-82C1-17A12896C50E}"
EndProject
Project("{9A19103F-16F7-4668-BE54-9A1E7A4F7556}") = "LUISGenTest", "LUISGen\tests\LUISGenTest\LUISGenTest.csproj", "{A7289872-EF1F-452E-A3EE-7BE35EF2C0D6}"
EndProject
Global
	GlobalSection(SolutionConfigurationPlatforms) = preSolution
		Debug|Any CPU = Debug|Any CPU
		Release|Any CPU = Release|Any CPU
	EndGlobalSection
	GlobalSection(ProjectConfigurationPlatforms) = postSolution
		{47E12828-A513-4FA5-82C1-17A12896C50E}.Debug|Any CPU.ActiveCfg = Debug|Any CPU
		{47E12828-A513-4FA5-82C1-17A12896C50E}.Debug|Any CPU.Build.0 = Debug|Any CPU
		{47E12828-A513-4FA5-82C1-17A12896C50E}.Release|Any CPU.ActiveCfg = Release|Any CPU
		{47E12828-A513-4FA5-82C1-17A12896C50E}.Release|Any CPU.Build.0 = Release|Any CPU
		{A7289872-EF1F-452E-A3EE-7BE35EF2C0D6}.Debug|Any CPU.ActiveCfg = Debug|Any CPU
		{A7289872-EF1F-452E-A3EE-7BE35EF2C0D6}.Debug|Any CPU.Build.0 = Debug|Any CPU
		{A7289872-EF1F-452E-A3EE-7BE35EF2C0D6}.Release|Any CPU.ActiveCfg = Release|Any CPU
		{A7289872-EF1F-452E-A3EE-7BE35EF2C0D6}.Release|Any CPU.Build.0 = Release|Any CPU
	EndGlobalSection
	GlobalSection(SolutionProperties) = preSolution
		HideSolutionNode = FALSE
	EndGlobalSection
	GlobalSection(ExtensibilityGlobals) = postSolution
		SolutionGuid = {778642B4-1A6B-4C38-B33C-B44DC77B419B}
	EndGlobalSection
EndGlobal
